
Microsoft Visual Studio Solution File, Format Version 12.00
# Visual Studio 15
Project("{FAE04EC0-301F-11D3-BF4B-00C04F79EFBC}") = "Assembly-CSharp", "Assembly-CSharp.csproj", "{FC04B6BB-CEDD-2378-F6C7-9C0B0AC14D9B}"
EndProject
Global
	GlobalSection(SolutionConfigurationPlatforms) = preSolution
		Debug|Any CPU = Debug|Any CPU
		Release|Any CPU = Release|Any CPU
	EndGlobalSection
	GlobalSection(ProjectConfigurationPlatforms) = postSolution
		{FC04B6BB-CEDD-2378-F6C7-9C0B0AC14D9B}.Debug|Any CPU.ActiveCfg = Debug|Any CPU
		{FC04B6BB-CEDD-2378-F6C7-9C0B0AC14D9B}.Debug|Any CPU.Build.0 = Debug|Any CPU
		{FC04B6BB-CEDD-2378-F6C7-9C0B0AC14D9B}.Release|Any CPU.ActiveCfg = Release|Any CPU
		{FC04B6BB-CEDD-2378-F6C7-9C0B0AC14D9B}.Release|Any CPU.Build.0 = Release|Any CPU
	EndGlobalSection
	GlobalSection(SolutionProperties) = preSolution
		HideSolutionNode = FALSE
	EndGlobalSection
EndGlobal
